
Microsoft Visual Studio Solution File, Format Version 12.00
# Visual Studio Version 16
VisualStudioVersion = 16.0.31911.196
MinimumVisualStudioVersion = 10.0.40219.1
Project("{FAE04EC0-301F-11D3-BF4B-00C04F79EFBC}") = "CiCdWebApiLL", "CiCdWebApiLL.csproj", "{5BF30C51-A242-4F03-B1B9-A259667A4419}"
EndProject
Global
	GlobalSection(SolutionConfigurationPlatforms) = preSolution
		Debug|Any CPU = Debug|Any CPU
		Release|Any CPU = Release|Any CPU
	EndGlobalSection
	GlobalSection(ProjectConfigurationPlatforms) = postSolution
		{5BF30C51-A242-4F03-B1B9-A259667A4419}.Debug|Any CPU.ActiveCfg = Debug|Any CPU
		{5BF30C51-A242-4F03-B1B9-A259667A4419}.Debug|Any CPU.Build.0 = Debug|Any CPU
		{5BF30C51-A242-4F03-B1B9-A259667A4419}.Release|Any CPU.ActiveCfg = Release|Any CPU
		{5BF30C51-A242-4F03-B1B9-A259667A4419}.Release|Any CPU.Build.0 = Release|Any CPU
	EndGlobalSection
	GlobalSection(SolutionProperties) = preSolution
		HideSolutionNode = FALSE
	EndGlobalSection
	GlobalSection(ExtensibilityGlobals) = postSolution
		SolutionGuid = {F49594C4-64F2-41A9-BBFA-803933818820}
	EndGlobalSection
EndGlobal
